
Microsoft Visual Studio Solution File, Format Version 12.00
# Visual Studio Version 17
VisualStudioVersion = 17.0.31903.59
MinimumVisualStudioVersion = 10.0.40219.1
Project("{FAE04EC0-301F-11D3-BF4B-00C04F79EFBC}") = "RegistroAcademico.Core", "RegistroAcademico.Core\RegistroAcademico.Core.csproj", "{BC3AB573-8924-4B90-BB8C-77933FCFBE70}"
EndProject
Project("{FAE04EC0-301F-11D3-BF4B-00C04F79EFBC}") = "RegistroAcademico.Data", "RegistroAcademico.Data\RegistroAcademico.Data.csproj", "{E851C52F-226C-4299-B3F2-AF37F6FBA3DE}"
EndProject
Project("{FAE04EC0-301F-11D3-BF4B-00C04F79EFBC}") = "RegistroAcademico.API", "RegistroAcademico.API\RegistroAcademico.API.csproj", "{808B4105-B79D-4DFD-9518-F2BB237FAE34}"
EndProject
Global
	GlobalSection(SolutionConfigurationPlatforms) = preSolution
		Debug|Any CPU = Debug|Any CPU
		Release|Any CPU = Release|Any CPU
	EndGlobalSection
	GlobalSection(SolutionProperties) = preSolution
		HideSolutionNode = FALSE
	EndGlobalSection
	GlobalSection(ProjectConfigurationPlatforms) = postSolution
		{BC3AB573-8924-4B90-BB8C-77933FCFBE70}.Debug|Any CPU.ActiveCfg = Debug|Any CPU
		{BC3AB573-8924-4B90-BB8C-77933FCFBE70}.Debug|Any CPU.Build.0 = Debug|Any CPU
		{BC3AB573-8924-4B90-BB8C-77933FCFBE70}.Release|Any CPU.ActiveCfg = Release|Any CPU
		{BC3AB573-8924-4B90-BB8C-77933FCFBE70}.Release|Any CPU.Build.0 = Release|Any CPU
		{E851C52F-226C-4299-B3F2-AF37F6FBA3DE}.Debug|Any CPU.ActiveCfg = Debug|Any CPU
		{E851C52F-226C-4299-B3F2-AF37F6FBA3DE}.Debug|Any CPU.Build.0 = Debug|Any CPU
		{E851C52F-226C-4299-B3F2-AF37F6FBA3DE}.Release|Any CPU.ActiveCfg = Release|Any CPU
		{E851C52F-226C-4299-B3F2-AF37F6FBA3DE}.Release|Any CPU.Build.0 = Release|Any CPU
		{808B4105-B79D-4DFD-9518-F2BB237FAE34}.Debug|Any CPU.ActiveCfg = Debug|Any CPU
		{808B4105-B79D-4DFD-9518-F2BB237FAE34}.Debug|Any CPU.Build.0 = Debug|Any CPU
		{808B4105-B79D-4DFD-9518-F2BB237FAE34}.Release|Any CPU.ActiveCfg = Release|Any CPU
		{808B4105-B79D-4DFD-9518-F2BB237FAE34}.Release|Any CPU.Build.0 = Release|Any CPU
	EndGlobalSection
EndGlobal
